
Microsoft Visual Studio Solution File, Format Version 12.00
# Visual Studio Version 17
VisualStudioVersion = 17.7.34009.444
MinimumVisualStudioVersion = 10.0.40219.1
Project("{FAE04EC0-301F-11D3-BF4B-00C04F79EFBC}") = "DemoHotelReservation", "DemoHotelReservation\DemoHotelReservation.csproj", "{DC327B8C-C6FF-4832-85CE-43CCD11B9665}"
EndProject
Global
	GlobalSection(SolutionConfigurationPlatforms) = preSolution
		Debug|Any CPU = Debug|Any CPU
		Release|Any CPU = Release|Any CPU
	EndGlobalSection
	GlobalSection(ProjectConfigurationPlatforms) = postSolution
		{DC327B8C-C6FF-4832-85CE-43CCD11B9665}.Debug|Any CPU.ActiveCfg = Debug|Any CPU
		{DC327B8C-C6FF-4832-85CE-43CCD11B9665}.Debug|Any CPU.Build.0 = Debug|Any CPU
		{DC327B8C-C6FF-4832-85CE-43CCD11B9665}.Release|Any CPU.ActiveCfg = Release|Any CPU
		{DC327B8C-C6FF-4832-85CE-43CCD11B9665}.Release|Any CPU.Build.0 = Release|Any CPU
	EndGlobalSection
	GlobalSection(SolutionProperties) = preSolution
		HideSolutionNode = FALSE
	EndGlobalSection
	GlobalSection(ExtensibilityGlobals) = postSolution
		SolutionGuid = {51BCCFA2-71E5-475F-A0E1-084A3DE40F99}
	EndGlobalSection
EndGlobal
